
Microsoft Visual Studio Solution File, Format Version 12.00
# Visual Studio Version 17
VisualStudioVersion = 17.2.32630.192
MinimumVisualStudioVersion = 10.0.40219.1
Project("{9A19103F-16F7-4668-BE54-9A1E7A4F7556}") = "AbstractFactoryDesignPattern", "AbstractFactoryDesignPattern.csproj", "{E6A84751-43B1-46D8-BDCE-823F1A4856B7}"
EndProject
Global
	GlobalSection(SolutionConfigurationPlatforms) = preSolution
		Debug|Any CPU = Debug|Any CPU
		Release|Any CPU = Release|Any CPU
	EndGlobalSection
	GlobalSection(ProjectConfigurationPlatforms) = postSolution
		{E6A84751-43B1-46D8-BDCE-823F1A4856B7}.Debug|Any CPU.ActiveCfg = Debug|Any CPU
		{E6A84751-43B1-46D8-BDCE-823F1A4856B7}.Debug|Any CPU.Build.0 = Debug|Any CPU
		{E6A84751-43B1-46D8-BDCE-823F1A4856B7}.Release|Any CPU.ActiveCfg = Release|Any CPU
		{E6A84751-43B1-46D8-BDCE-823F1A4856B7}.Release|Any CPU.Build.0 = Release|Any CPU
	EndGlobalSection
	GlobalSection(SolutionProperties) = preSolution
		HideSolutionNode = FALSE
	EndGlobalSection
	GlobalSection(ExtensibilityGlobals) = postSolution
		SolutionGuid = {A572C91B-12F7-4D07-A8E8-F6A827330212}
	EndGlobalSection
EndGlobal
